// !$*UTF8*$!
{
	archiveVersion = 1;
	classes = {
	};
	objectVersion = 50;
	objects = {

/* Begin PBXBuildFile section */
		054D8A592185FC9100192DA9 /* AppDelegate.swift in Sources */ = {isa = PBXBuildFile; fileRef = 054D8A582185FC9100192DA9 /* AppDelegate.swift */; };
		054D8A5B2185FC9100192DA9 /* ViewController.swift in Sources */ = {isa = PBXBuildFile; fileRef = 054D8A5A2185FC9100192DA9 /* ViewController.swift */; };
		054D8A5E2185FC9100192DA9 /* ViewController.storyboard in Resources */ = {isa = PBXBuildFile; fileRef = 054D8A5C2185FC9100192DA9 /* ViewController.storyboard */; };
		054D8A602185FC9100192DA9 /* Assets.xcassets in Resources */ = {isa = PBXBuildFile; fileRef = 054D8A5F2185FC9100192DA9 /* Assets.xcassets */; };
		054D8A632185FC9100192DA9 /* LaunchScreen.storyboard in Resources */ = {isa = PBXBuildFile; fileRef = 054D8A612185FC9100192DA9 /* LaunchScreen.storyboard */; };
		054D8A6F218629B600192DA9 /* ReduxSwift.framework in Frameworks */ = {isa = PBXBuildFile; fileRef = 054D8A6E218629B600192DA9 /* ReduxSwift.framework */; };
		054D8A7221862A1C00192DA9 /* Reducer.swift in Sources */ = {isa = PBXBuildFile; fileRef = 054D8A7121862A1C00192DA9 /* Reducer.swift */; };
		054D8A7421862A3300192DA9 /* Actions.swift in Sources */ = {isa = PBXBuildFile; fileRef = 054D8A7321862A3300192DA9 /* Actions.swift */; };
		054D8A7621862A5200192DA9 /* Store.swift in Sources */ = {isa = PBXBuildFile; fileRef = 054D8A7521862A5200192DA9 /* Store.swift */; };
/* End PBXBuildFile section */

/* Begin PBXFileReference section */
		054D8A552185FC9100192DA9 /* ExampleSimple.app */ = {isa = PBXFileReference; explicitFileType = wrapper.application; includeInIndex = 0; path = ExampleSimple.app; sourceTree = BUILT_PRODUCTS_DIR; };
		054D8A582185FC9100192DA9 /* AppDelegate.swift */ = {isa = PBXFileReference; lastKnownFileType = sourcecode.swift; path = AppDelegate.swift; sourceTree = "<group>"; };
		054D8A5A2185FC9100192DA9 /* ViewController.swift */ = {isa = PBXFileReference; lastKnownFileType = sourcecode.swift; path = ViewController.swift; sourceTree = "<group>"; };
		054D8A5D2185FC9100192DA9 /* Base */ = {isa = PBXFileReference; lastKnownFileType = file.storyboard; name = Base; path = Base.lproj/ViewController.storyboard; sourceTree = "<group>"; };
		054D8A5F2185FC9100192DA9 /* Assets.xcassets */ = {isa = PBXFileReference; lastKnownFileType = folder.assetcatalog; path = Assets.xcassets; sourceTree = "<group>"; };
		054D8A622185FC9100192DA9 /* Base */ = {isa = PBXFileReference; lastKnownFileType = file.storyboard; name = Base; path = Base.lproj/LaunchScreen.storyboard; sourceTree = "<group>"; };
		054D8A642185FC9100192DA9 /* Info.plist */ = {isa = PBXFileReference; lastKnownFileType = text.plist.xml; path = Info.plist; sourceTree = "<group>"; };
		054D8A6E218629B600192DA9 /* ReduxSwift.framework */ = {isa = PBXFileReference; explicitFileType = wrapper.framework; path = ReduxSwift.framework; sourceTree = BUILT_PRODUCTS_DIR; };
		054D8A7121862A1C00192DA9 /* Reducer.swift */ = {isa = PBXFileReference; lastKnownFileType = sourcecode.swift; path = Reducer.swift; sourceTree = "<group>"; };
		054D8A7321862A3300192DA9 /* Actions.swift */ = {isa = PBXFileReference; lastKnownFileType = sourcecode.swift; path = Actions.swift; sourceTree = "<group>"; };
		054D8A7521862A5200192DA9 /* Store.swift */ = {isa = PBXFileReference; lastKnownFileType = sourcecode.swift; path = Store.swift; sourceTree = "<group>"; };
/* End PBXFileReference section */

/* Begin PBXFrameworksBuildPhase section */
		054D8A522185FC9100192DA9 /* Frameworks */ = {
			isa = PBXFrameworksBuildPhase;
			buildActionMask = 2147483647;
			files = (
				054D8A6F218629B600192DA9 /* ReduxSwift.framework in Frameworks */,
			);
			runOnlyForDeploymentPostprocessing = 0;
		};
/* End PBXFrameworksBuildPhase section */

/* Begin PBXGroup section */
		054D8A4C2185FC9100192DA9 = {
			isa = PBXGroup;
			children = (
				054D8A572185FC9100192DA9 /* ExampleSimple */,
				054D8A562185FC9100192DA9 /* Products */,
				054D8A6D218629B600192DA9 /* Frameworks */,
			);
			sourceTree = "<group>";
		};
		054D8A562185FC9100192DA9 /* Products */ = {
			isa = PBXGroup;
			children = (
				054D8A552185FC9100192DA9 /* ExampleSimple.app */,
			);
			name = Products;
			sourceTree = "<group>";
		};
		054D8A572185FC9100192DA9 /* ExampleSimple */ = {
			isa = PBXGroup;
			children = (
				05987A852187001E00C1C676 /* State */,
				05987A862187002E00C1C676 /* View */,
				054D8A582185FC9100192DA9 /* AppDelegate.swift */,
				054D8A5F2185FC9100192DA9 /* Assets.xcassets */,
				054D8A612185FC9100192DA9 /* LaunchScreen.storyboard */,
				054D8A642185FC9100192DA9 /* Info.plist */,
			);
			path = ExampleSimple;
			sourceTree = "<group>";
		};
		054D8A6D218629B600192DA9 /* Frameworks */ = {
			isa = PBXGroup;
			children = (
				054D8A6E218629B600192DA9 /* ReduxSwift.framework */,
			);
			name = Frameworks;
			sourceTree = "<group>";
		};
		05987A852187001E00C1C676 /* State */ = {
			isa = PBXGroup;
			children = (
				054D8A7321862A3300192DA9 /* Actions.swift */,
				054D8A7121862A1C00192DA9 /* Reducer.swift */,
				054D8A7521862A5200192DA9 /* Store.swift */,
			);
			path = State;
			sourceTree = "<group>";
		};
		05987A862187002E00C1C676 /* View */ = {
			isa = PBXGroup;
			children = (
				054D8A5A2185FC9100192DA9 /* ViewController.swift */,
				054D8A5C2185FC9100192DA9 /* ViewController.storyboard */,
			);
			path = View;
			sourceTree = "<group>";
		};
/* End PBXGroup section */

/* Begin PBXNativeTarget section */
		054D8A542185FC9100192DA9 /* ExampleSimple */ = {
			isa = PBXNativeTarget;
			buildConfigurationList = 054D8A672185FC9100192DA9 /* Build configuration list for PBXNativeTarget "ExampleSimple" */;
			buildPhases = (
				054D8A512185FC9100192DA9 /* Sources */,
				054D8A522185FC9100192DA9 /* Frameworks */,
				054D8A532185FC9100192DA9 /* Resources */,
			);
			buildRules = (
			);
			dependencies = (
			);
			name = ExampleSimple;
			productName = ReduxSwiftExamples;
			productReference = 054D8A552185FC9100192DA9 /* ExampleSimple.app */;
			productType = "com.apple.product-type.application";
		};
/* End PBXNativeTarget section */

/* Begin PBXProject section */
		054D8A4D2185FC9100192DA9 /* Project object */ = {
			isa = PBXProject;
			attributes = {
				LastSwiftUpdateCheck = 0940;
				LastUpgradeCheck = 0940;
				ORGANIZATIONNAME = andysaw;
				TargetAttributes = {
					054D8A542185FC9100192DA9 = {
						CreatedOnToolsVersion = 9.4.1;
					};
				};
			};
			buildConfigurationList = 054D8A502185FC9100192DA9 /* Build configuration list for PBXProject "ExampleSimple" */;
			compatibilityVersion = "Xcode 9.3";
			developmentRegion = en;
			hasScannedForEncodings = 0;
			knownRegions = (
				en,
				Base,
			);
			mainGroup = 054D8A4C2185FC9100192DA9;
			productRefGroup = 054D8A562185FC9100192DA9 /* Products */;
			projectDirPath = "";
			projectRoot = "";
			targets = (
				054D8A542185FC9100192DA9 /* ExampleSimple */,
			);
		};
/* End PBXProject section */

/* Begin PBXResourcesBuildPhase section */
		054D8A532185FC9100192DA9 /* Resources */ = {
			isa = PBXResourcesBuildPhase;
			buildActionMask = 2147483647;
			files = (
				054D8A632185FC9100192DA9 /* LaunchScreen.storyboard in Resources */,
				054D8A602185FC9100192DA9 /* Assets.xcassets in Resources */,
				054D8A5E2185FC9100192DA9 /* ViewController.storyboard in Resources */,
			);
			runOnlyForDeploymentPostprocessing = 0;
		};
/* End PBXResourcesBuildPhase section */

/* Begin PBXSourcesBuildPhase section */
		054D8A512185FC9100192DA9 /* Sources */ = {
			isa = PBXSourcesBuildPhase;
			buildActionMask = 2147483647;
			files = (
				054D8A7621862A5200192DA9 /* Store.swift in Sources */,
				054D8A5B2185FC9100192DA9 /* ViewController.swift in Sources */,
				054D8A7421862A3300192DA9 /* Actions.swift in Sources */,
				054D8A592185FC9100192DA9 /* AppDelegate.swift in Sources */,
				054D8A7221862A1C00192DA9 /* Reducer.swift in Sources */,
			);
			runOnlyForDeploymentPostprocessing = 0;
		};
/* End PBXSourcesBuildPhase section */

/* Begin PBXVariantGroup section */
		054D8A5C2185FC9100192DA9 /* ViewController.storyboard */ = {
			isa = PBXVariantGroup;
			children = (
				054D8A5D2185FC9100192DA9 /* Base */,
			);
			name = ViewController.storyboard;
			sourceTree = "<group>";
		};
		054D8A612185FC9100192DA9 /* LaunchScreen.storyboard */ = {
			isa = PBXVariantGroup;
			children = (
				054D8A622185FC9100192DA9 /* Base */,
			);
			name = LaunchScreen.storyboard;
			sourceTree = "<group>";
		};
/* End PBXVariantGroup section */

/* Begin XCBuildConfiguration section */
		054D8A652185FC9100192DA9 /* Debug */ = {
			isa = XCBuildConfiguration;
			buildSettings = {
				ALWAYS_SEARCH_USER_PATHS = NO;
				CLANG_ANALYZER_NONNULL = YES;
				CLANG_ANALYZER_NUMBER_OBJECT_CONVERSION = YES_AGGRESSIVE;
				CLANG_CXX_LANGUAGE_STANDARD = "gnu++14";
				CLANG_CXX_LIBRARY = "libc++";
				CLANG_ENABLE_MODULES = YES;
				CLANG_ENABLE_OBJC_ARC = YES;
				CLANG_ENABLE_OBJC_WEAK = YES;
				CLANG_WARN_BLOCK_CAPTURE_AUTORELEASING = YES;
				CLANG_WARN_BOOL_CONVERSION = YES;
				CLANG_WARN_COMMA = YES;
				CLANG_WARN_CONSTANT_CONVERSION = YES;
				CLANG_WARN_DEPRECATED_OBJC_IMPLEMENTATIONS = YES;
				CLANG_WARN_DIRECT_OBJC_ISA_USAGE = YES_ERROR;
				CLANG_WARN_DOCUMENTATION_COMMENTS = YES;
				CLANG_WARN_EMPTY_BODY = YES;
				CLANG_WARN_ENUM_CONVERSION = YES;
				CLANG_WARN_INFINITE_RECURSION = YES;
				CLANG_WARN_INT_CONVERSION = YES;
				CLANG_WARN_NON_LITERAL_NULL_CONVERSION = YES;
				CLANG_WARN_OBJC_IMPLICIT_RETAIN_SELF = YES;
				CLANG_WARN_OBJC_LITERAL_CONVERSION = YES;
				CLANG_WARN_OBJC_ROOT_CLASS = YES_ERROR;
				CLANG_WARN_RANGE_LOOP_ANALYSIS = YES;
				CLANG_WARN_STRICT_PROTOTYPES = YES;
				CLANG_WARN_SUSPICIOUS_MOVE = YES;
				CLANG_WARN_UNGUARDED_AVAILABILITY = YES_AGGRESSIVE;
				CLANG_WARN_UNREACHABLE_CODE = YES;
				CLANG_WARN__DUPLICATE_METHOD_MATCH = YES;
				CODE_SIGN_IDENTITY = "iPhone Developer";
				COPY_PHASE_STRIP = NO;
				DEBUG_INFORMATION_FORMAT = dwarf;
				ENABLE_STRICT_OBJC_MSGSEND = YES;
				ENABLE_TESTABILITY = YES;
				GCC_C_LANGUAGE_STANDARD = gnu11;
				GCC_DYNAMIC_NO_PIC = NO;
				GCC_NO_COMMON_BLOCKS = YES;
				GCC_OPTIMIZATION_LEVEL = 0;
				GCC_PREPROCESSOR_DEFINITIONS = (
					"DEBUG=1",
					"$(inherited)",
				);
				GCC_WARN_64_TO_32_BIT_CONVERSION = YES;
				GCC_WARN_ABOUT_RETURN_TYPE = YES_ERROR;
				GCC_WARN_UNDECLARED_SELECTOR = YES;
				GCC_WARN_UNINITIALIZED_AUTOS = YES_AGGRESSIVE;
				GCC_WARN_UNUSED_FUNCTION = YES;
				GCC_WARN_UNUSED_VARIABLE = YES;
				IPHONEOS_DEPLOYMENT_TARGET = 11.4;
				MTL_ENABLE_DEBUG_INFO = YES;
				ONLY_ACTIVE_ARCH = YES;
				SDKROOT = iphoneos;
				SWIFT_ACTIVE_COMPILATION_CONDITIONS = DEBUG;
				SWIFT_OPTIMIZATION_LEVEL = "-Onone";
			};
			name = Debug;
		};
		054D8A662185FC9100192DA9 /* Release */ = {
			isa = XCBuildConfiguration;
			buildSettings = {
				ALWAYS_SEARCH_USER_PATHS = NO;
				CLANG_ANALYZER_NONNULL = YES;
				CLANG_ANALYZER_NUMBER_OBJECT_CONVERSION = YES_AGGRESSIVE;
				CLANG_CXX_LANGUAGE_STANDARD = "gnu++14";
				CLANG_CXX_LIBRARY = "libc++";
				CLANG_ENABLE_MODULES = YES;
				CLANG_ENABLE_OBJC_ARC = YES;
				CLANG_ENABLE_OBJC_WEAK = YES;
				CLANG_WARN_BLOCK_CAPTURE_AUTORELEASING = YES;
				CLANG_WARN_BOOL_CONVERSION = YES;
				CLANG_WARN_COMMA = YES;
				CLANG_WARN_CONSTANT_CONVERSION = YES;
				CLANG_WARN_DEPRECATED_OBJC_IMPLEMENTATIONS = YES;
				CLANG_WARN_DIRECT_OBJC_ISA_USAGE = YES_ERROR;
				CLANG_WARN_DOCUMENTATION_COMMENTS = YES;
				CLANG_WARN_EMPTY_BODY = YES;
				CLANG_WARN_ENUM_CONVERSION = YES;
				CLANG_WARN_INFINITE_RECURSION = YES;
				CLANG_WARN_INT_CONVERSION = YES;
				CLANG_WARN_NON_LITERAL_NULL_CONVERSION = YES;
				CLANG_WARN_OBJC_IMPLICIT_RETAIN_SELF = YES;
				CLANG_WARN_OBJC_LITERAL_CONVERSION = YES;
				CLANG_WARN_OBJC_ROOT_CLASS = YES_ERROR;
				CLANG_WARN_RANGE_LOOP_ANALYSIS = YES;
				CLANG_WARN_STRICT_PROTOTYPES = YES;
				CLANG_WARN_SUSPICIOUS_MOVE = YES;
				CLANG_WARN_UNGUARDED_AVAILABILITY = YES_AGGRESSIVE;
				CLANG_WARN_UNREACHABLE_CODE = YES;
				CLANG_WARN__DUPLICATE_METHOD_MATCH = YES;
				CODE_SIGN_IDENTITY = "iPhone Developer";
				COPY_PHASE_STRIP = NO;
				DEBUG_INFORMATION_FORMAT = "dwarf-with-dsym";
				ENABLE_NS_ASSERTIONS = NO;
				ENABLE_STRICT_OBJC_MSGSEND = YES;
				GCC_C_LANGUAGE_STANDARD = gnu11;
				GCC_NO_COMMON_BLOCKS = YES;
				GCC_WARN_64_TO_32_BIT_CONVERSION = YES;
				GCC_WARN_ABOUT_RETURN_TYPE = YES_ERROR;
				GCC_WARN_UNDECLARED_SELECTOR = YES;
				GCC_WARN_UNINITIALIZED_AUTOS = YES_AGGRESSIVE;
				GCC_WARN_UNUSED_FUNCTION = YES;
				GCC_WARN_UNUSED_VARIABLE = YES;
				IPHONEOS_DEPLOYMENT_TARGET = 11.4;
				MTL_ENABLE_DEBUG_INFO = NO;
				SDKROOT = iphoneos;
				SWIFT_COMPILATION_MODE = wholemodule;
				SWIFT_OPTIMIZATION_LEVEL = "-O";
				VALIDATE_PRODUCT = YES;
			};
			name = Release;
		};
		054D8A682185FC9100192DA9 /* Debug */ = {
			isa = XCBuildConfiguration;
			buildSettings = {
				ASSETCATALOG_COMPILER_APPICON_NAME = AppIcon;
				CODE_SIGN_STYLE = Automatic;
				DEVELOPMENT_TEAM = 7B8G3JJ6Y6;
				INFOPLIST_FILE = ExampleSimple/Info.plist;
				LD_RUNPATH_SEARCH_PATHS = (
					"$(inherited)",
					"@executable_path/Frameworks",
				);
				PRODUCT_BUNDLE_IDENTIFIER = com.andysaw.ExampleSimple;
				PRODUCT_NAME = "$(TARGET_NAME)";
				SWIFT_VERSION = 4.0;
				TARGETED_DEVICE_FAMILY = "1,2";
			};
			name = Debug;
		};
		054D8A692185FC9100192DA9 /* Release */ = {
			isa = XCBuildConfiguration;
			buildSettings = {
				ASSETCATALOG_COMPILER_APPICON_NAME = AppIcon;
				CODE_SIGN_STYLE = Automatic;
				DEVELOPMENT_TEAM = 7B8G3JJ6Y6;
				INFOPLIST_FILE = ExampleSimple/Info.plist;
				LD_RUNPATH_SEARCH_PATHS = (
					"$(inherited)",
					"@executable_path/Frameworks",
				);
				PRODUCT_BUNDLE_IDENTIFIER = com.andysaw.ExampleSimple;
				PRODUCT_NAME = "$(TARGET_NAME)";
				SWIFT_VERSION = 4.0;
				TARGETED_DEVICE_FAMILY = "1,2";
			};
			name = Release;
		};
/* End XCBuildConfiguration section */

/* Begin XCConfigurationList section */
		054D8A502185FC9100192DA9 /* Build configuration list for PBXProject "ExampleSimple" */ = {
			isa = XCConfigurationList;
			buildConfigurations = (
				054D8A652185FC9100192DA9 /* Debug */,
				054D8A662185FC9100192DA9 /* Release */,
			);
			defaultConfigurationIsVisible = 0;
			defaultConfigurationName = Release;
		};
		054D8A672185FC9100192DA9 /* Build configuration list for PBXNativeTarget "ExampleSimple" */ = {
			isa = XCConfigurationList;
			buildConfigurations = (
				054D8A682185FC9100192DA9 /* Debug */,
				054D8A692185FC9100192DA9 /* Release */,
			);
			defaultConfigurationIsVisible = 0;
			defaultConfigurationName = Release;
		};
/* End XCConfigurationList section */
	};
	rootObject = 054D8A4D2185FC9100192DA9 /* Project object */;
}
