// !$*UTF8*$!
{
	archiveVersion = 1;
	classes = {
	};
	objectVersion = 50;
	objects = {

/* Begin PBXBuildFile section */
		05987A942187024500C1C676 /* AppDelegate.swift in Sources */ = {isa = PBXBuildFile; fileRef = 05987A932187024500C1C676 /* AppDelegate.swift */; };
		05987A962187024500C1C676 /* ViewController.swift in Sources */ = {isa = PBXBuildFile; fileRef = 05987A952187024500C1C676 /* ViewController.swift */; };
		05987A992187024500C1C676 /* ViewController.storyboard in Resources */ = {isa = PBXBuildFile; fileRef = 05987A972187024500C1C676 /* ViewController.storyboard */; };
		05987A9B2187024700C1C676 /* Assets.xcassets in Resources */ = {isa = PBXBuildFile; fileRef = 05987A9A2187024700C1C676 /* Assets.xcassets */; };
		05987A9E2187024700C1C676 /* LaunchScreen.storyboard in Resources */ = {isa = PBXBuildFile; fileRef = 05987A9C2187024700C1C676 /* LaunchScreen.storyboard */; };
		05987AAE2187033100C1C676 /* Actions.swift in Sources */ = {isa = PBXBuildFile; fileRef = 05987AAD2187033100C1C676 /* Actions.swift */; };
		05987AB02187033800C1C676 /* Reducer.swift in Sources */ = {isa = PBXBuildFile; fileRef = 05987AAF2187033800C1C676 /* Reducer.swift */; };
		05987AB22187033F00C1C676 /* Store.swift in Sources */ = {isa = PBXBuildFile; fileRef = 05987AB12187033F00C1C676 /* Store.swift */; };
		05987AB62187036000C1C676 /* ReduxSwift.framework in Frameworks */ = {isa = PBXBuildFile; fileRef = 05987AB52187036000C1C676 /* ReduxSwift.framework */; };
		05987AB8218703DA00C1C676 /* LoggingMiddleware.swift in Sources */ = {isa = PBXBuildFile; fileRef = 05987AB7218703DA00C1C676 /* LoggingMiddleware.swift */; };
/* End PBXBuildFile section */

/* Begin PBXFileReference section */
		05987A902187024500C1C676 /* ExampleMiddleware.app */ = {isa = PBXFileReference; explicitFileType = wrapper.application; includeInIndex = 0; path = ExampleMiddleware.app; sourceTree = BUILT_PRODUCTS_DIR; };
		05987A932187024500C1C676 /* AppDelegate.swift */ = {isa = PBXFileReference; lastKnownFileType = sourcecode.swift; path = AppDelegate.swift; sourceTree = "<group>"; };
		05987A952187024500C1C676 /* ViewController.swift */ = {isa = PBXFileReference; lastKnownFileType = sourcecode.swift; path = ViewController.swift; sourceTree = "<group>"; };
		05987A982187024500C1C676 /* Base */ = {isa = PBXFileReference; lastKnownFileType = file.storyboard; name = Base; path = Base.lproj/ViewController.storyboard; sourceTree = "<group>"; };
		05987A9A2187024700C1C676 /* Assets.xcassets */ = {isa = PBXFileReference; lastKnownFileType = folder.assetcatalog; path = Assets.xcassets; sourceTree = "<group>"; };
		05987A9D2187024700C1C676 /* Base */ = {isa = PBXFileReference; lastKnownFileType = file.storyboard; name = Base; path = Base.lproj/LaunchScreen.storyboard; sourceTree = "<group>"; };
		05987A9F2187024700C1C676 /* Info.plist */ = {isa = PBXFileReference; lastKnownFileType = text.plist.xml; path = Info.plist; sourceTree = "<group>"; };
		05987AAD2187033100C1C676 /* Actions.swift */ = {isa = PBXFileReference; lastKnownFileType = sourcecode.swift; path = Actions.swift; sourceTree = "<group>"; };
		05987AAF2187033800C1C676 /* Reducer.swift */ = {isa = PBXFileReference; lastKnownFileType = sourcecode.swift; path = Reducer.swift; sourceTree = "<group>"; };
		05987AB12187033F00C1C676 /* Store.swift */ = {isa = PBXFileReference; lastKnownFileType = sourcecode.swift; path = Store.swift; sourceTree = "<group>"; };
		05987AB52187036000C1C676 /* ReduxSwift.framework */ = {isa = PBXFileReference; explicitFileType = wrapper.framework; path = ReduxSwift.framework; sourceTree = BUILT_PRODUCTS_DIR; };
		05987AB7218703DA00C1C676 /* LoggingMiddleware.swift */ = {isa = PBXFileReference; lastKnownFileType = sourcecode.swift; path = LoggingMiddleware.swift; sourceTree = "<group>"; };
/* End PBXFileReference section */

/* Begin PBXFrameworksBuildPhase section */
		05987A8D2187024500C1C676 /* Frameworks */ = {
			isa = PBXFrameworksBuildPhase;
			buildActionMask = 2147483647;
			files = (
				05987AB62187036000C1C676 /* ReduxSwift.framework in Frameworks */,
			);
			runOnlyForDeploymentPostprocessing = 0;
		};
/* End PBXFrameworksBuildPhase section */

/* Begin PBXGroup section */
		05987A872187024500C1C676 = {
			isa = PBXGroup;
			children = (
				05987A922187024500C1C676 /* ExampleMiddleware */,
				05987A912187024500C1C676 /* Products */,
				05987AB42187036000C1C676 /* Frameworks */,
			);
			sourceTree = "<group>";
		};
		05987A912187024500C1C676 /* Products */ = {
			isa = PBXGroup;
			children = (
				05987A902187024500C1C676 /* ExampleMiddleware.app */,
			);
			name = Products;
			sourceTree = "<group>";
		};
		05987A922187024500C1C676 /* ExampleMiddleware */ = {
			isa = PBXGroup;
			children = (
				05987AB32187034400C1C676 /* Middleware */,
				05987AAB218702F600C1C676 /* State */,
				05987AAC218702FB00C1C676 /* Views */,
				05987A932187024500C1C676 /* AppDelegate.swift */,
				05987A9A2187024700C1C676 /* Assets.xcassets */,
				05987A9C2187024700C1C676 /* LaunchScreen.storyboard */,
				05987A9F2187024700C1C676 /* Info.plist */,
			);
			path = ExampleMiddleware;
			sourceTree = "<group>";
		};
		05987AAB218702F600C1C676 /* State */ = {
			isa = PBXGroup;
			children = (
				05987AAD2187033100C1C676 /* Actions.swift */,
				05987AAF2187033800C1C676 /* Reducer.swift */,
				05987AB12187033F00C1C676 /* Store.swift */,
			);
			path = State;
			sourceTree = "<group>";
		};
		05987AAC218702FB00C1C676 /* Views */ = {
			isa = PBXGroup;
			children = (
				05987A952187024500C1C676 /* ViewController.swift */,
				05987A972187024500C1C676 /* ViewController.storyboard */,
			);
			path = Views;
			sourceTree = "<group>";
		};
		05987AB32187034400C1C676 /* Middleware */ = {
			isa = PBXGroup;
			children = (
				05987AB7218703DA00C1C676 /* LoggingMiddleware.swift */,
			);
			path = Middleware;
			sourceTree = "<group>";
		};
		05987AB42187036000C1C676 /* Frameworks */ = {
			isa = PBXGroup;
			children = (
				05987AB52187036000C1C676 /* ReduxSwift.framework */,
			);
			name = Frameworks;
			sourceTree = "<group>";
		};
/* End PBXGroup section */

/* Begin PBXNativeTarget section */
		05987A8F2187024500C1C676 /* ExampleMiddleware */ = {
			isa = PBXNativeTarget;
			buildConfigurationList = 05987AA22187024700C1C676 /* Build configuration list for PBXNativeTarget "ExampleMiddleware" */;
			buildPhases = (
				05987A8C2187024500C1C676 /* Sources */,
				05987A8D2187024500C1C676 /* Frameworks */,
				05987A8E2187024500C1C676 /* Resources */,
			);
			buildRules = (
			);
			dependencies = (
			);
			name = ExampleMiddleware;
			productName = ExampleMiddleware;
			productReference = 05987A902187024500C1C676 /* ExampleMiddleware.app */;
			productType = "com.apple.product-type.application";
		};
/* End PBXNativeTarget section */

/* Begin PBXProject section */
		05987A882187024500C1C676 /* Project object */ = {
			isa = PBXProject;
			attributes = {
				LastSwiftUpdateCheck = 0940;
				LastUpgradeCheck = 0940;
				ORGANIZATIONNAME = andysaw;
				TargetAttributes = {
					05987A8F2187024500C1C676 = {
						CreatedOnToolsVersion = 9.4.1;
					};
				};
			};
			buildConfigurationList = 05987A8B2187024500C1C676 /* Build configuration list for PBXProject "ExampleMiddleware" */;
			compatibilityVersion = "Xcode 9.3";
			developmentRegion = en;
			hasScannedForEncodings = 0;
			knownRegions = (
				en,
				Base,
			);
			mainGroup = 05987A872187024500C1C676;
			productRefGroup = 05987A912187024500C1C676 /* Products */;
			projectDirPath = "";
			projectRoot = "";
			targets = (
				05987A8F2187024500C1C676 /* ExampleMiddleware */,
			);
		};
/* End PBXProject section */

/* Begin PBXResourcesBuildPhase section */
		05987A8E2187024500C1C676 /* Resources */ = {
			isa = PBXResourcesBuildPhase;
			buildActionMask = 2147483647;
			files = (
				05987A9E2187024700C1C676 /* LaunchScreen.storyboard in Resources */,
				05987A9B2187024700C1C676 /* Assets.xcassets in Resources */,
				05987A992187024500C1C676 /* ViewController.storyboard in Resources */,
			);
			runOnlyForDeploymentPostprocessing = 0;
		};
/* End PBXResourcesBuildPhase section */

/* Begin PBXSourcesBuildPhase section */
		05987A8C2187024500C1C676 /* Sources */ = {
			isa = PBXSourcesBuildPhase;
			buildActionMask = 2147483647;
			files = (
				05987AB22187033F00C1C676 /* Store.swift in Sources */,
				05987AAE2187033100C1C676 /* Actions.swift in Sources */,
				05987A962187024500C1C676 /* ViewController.swift in Sources */,
				05987AB8218703DA00C1C676 /* LoggingMiddleware.swift in Sources */,
				05987AB02187033800C1C676 /* Reducer.swift in Sources */,
				05987A942187024500C1C676 /* AppDelegate.swift in Sources */,
			);
			runOnlyForDeploymentPostprocessing = 0;
		};
/* End PBXSourcesBuildPhase section */

/* Begin PBXVariantGroup section */
		05987A972187024500C1C676 /* ViewController.storyboard */ = {
			isa = PBXVariantGroup;
			children = (
				05987A982187024500C1C676 /* Base */,
			);
			name = ViewController.storyboard;
			sourceTree = "<group>";
		};
		05987A9C2187024700C1C676 /* LaunchScreen.storyboard */ = {
			isa = PBXVariantGroup;
			children = (
				05987A9D2187024700C1C676 /* Base */,
			);
			name = LaunchScreen.storyboard;
			sourceTree = "<group>";
		};
/* End PBXVariantGroup section */

/* Begin XCBuildConfiguration section */
		05987AA02187024700C1C676 /* Debug */ = {
			isa = XCBuildConfiguration;
			buildSettings = {
				ALWAYS_SEARCH_USER_PATHS = NO;
				CLANG_ANALYZER_NONNULL = YES;
				CLANG_ANALYZER_NUMBER_OBJECT_CONVERSION = YES_AGGRESSIVE;
				CLANG_CXX_LANGUAGE_STANDARD = "gnu++14";
				CLANG_CXX_LIBRARY = "libc++";
				CLANG_ENABLE_MODULES = YES;
				CLANG_ENABLE_OBJC_ARC = YES;
				CLANG_ENABLE_OBJC_WEAK = YES;
				CLANG_WARN_BLOCK_CAPTURE_AUTORELEASING = YES;
				CLANG_WARN_BOOL_CONVERSION = YES;
				CLANG_WARN_COMMA = YES;
				CLANG_WARN_CONSTANT_CONVERSION = YES;
				CLANG_WARN_DEPRECATED_OBJC_IMPLEMENTATIONS = YES;
				CLANG_WARN_DIRECT_OBJC_ISA_USAGE = YES_ERROR;
				CLANG_WARN_DOCUMENTATION_COMMENTS = YES;
				CLANG_WARN_EMPTY_BODY = YES;
				CLANG_WARN_ENUM_CONVERSION = YES;
				CLANG_WARN_INFINITE_RECURSION = YES;
				CLANG_WARN_INT_CONVERSION = YES;
				CLANG_WARN_NON_LITERAL_NULL_CONVERSION = YES;
				CLANG_WARN_OBJC_IMPLICIT_RETAIN_SELF = YES;
				CLANG_WARN_OBJC_LITERAL_CONVERSION = YES;
				CLANG_WARN_OBJC_ROOT_CLASS = YES_ERROR;
				CLANG_WARN_RANGE_LOOP_ANALYSIS = YES;
				CLANG_WARN_STRICT_PROTOTYPES = YES;
				CLANG_WARN_SUSPICIOUS_MOVE = YES;
				CLANG_WARN_UNGUARDED_AVAILABILITY = YES_AGGRESSIVE;
				CLANG_WARN_UNREACHABLE_CODE = YES;
				CLANG_WARN__DUPLICATE_METHOD_MATCH = YES;
				CODE_SIGN_IDENTITY = "iPhone Developer";
				COPY_PHASE_STRIP = NO;
				DEBUG_INFORMATION_FORMAT = dwarf;
				ENABLE_STRICT_OBJC_MSGSEND = YES;
				ENABLE_TESTABILITY = YES;
				GCC_C_LANGUAGE_STANDARD = gnu11;
				GCC_DYNAMIC_NO_PIC = NO;
				GCC_NO_COMMON_BLOCKS = YES;
				GCC_OPTIMIZATION_LEVEL = 0;
				GCC_PREPROCESSOR_DEFINITIONS = (
					"DEBUG=1",
					"$(inherited)",
				);
				GCC_WARN_64_TO_32_BIT_CONVERSION = YES;
				GCC_WARN_ABOUT_RETURN_TYPE = YES_ERROR;
				GCC_WARN_UNDECLARED_SELECTOR = YES;
				GCC_WARN_UNINITIALIZED_AUTOS = YES_AGGRESSIVE;
				GCC_WARN_UNUSED_FUNCTION = YES;
				GCC_WARN_UNUSED_VARIABLE = YES;
				IPHONEOS_DEPLOYMENT_TARGET = 11.4;
				MTL_ENABLE_DEBUG_INFO = YES;
				ONLY_ACTIVE_ARCH = YES;
				SDKROOT = iphoneos;
				SWIFT_ACTIVE_COMPILATION_CONDITIONS = DEBUG;
				SWIFT_OPTIMIZATION_LEVEL = "-Onone";
			};
			name = Debug;
		};
		05987AA12187024700C1C676 /* Release */ = {
			isa = XCBuildConfiguration;
			buildSettings = {
				ALWAYS_SEARCH_USER_PATHS = NO;
				CLANG_ANALYZER_NONNULL = YES;
				CLANG_ANALYZER_NUMBER_OBJECT_CONVERSION = YES_AGGRESSIVE;
				CLANG_CXX_LANGUAGE_STANDARD = "gnu++14";
				CLANG_CXX_LIBRARY = "libc++";
				CLANG_ENABLE_MODULES = YES;
				CLANG_ENABLE_OBJC_ARC = YES;
				CLANG_ENABLE_OBJC_WEAK = YES;
				CLANG_WARN_BLOCK_CAPTURE_AUTORELEASING = YES;
				CLANG_WARN_BOOL_CONVERSION = YES;
				CLANG_WARN_COMMA = YES;
				CLANG_WARN_CONSTANT_CONVERSION = YES;
				CLANG_WARN_DEPRECATED_OBJC_IMPLEMENTATIONS = YES;
				CLANG_WARN_DIRECT_OBJC_ISA_USAGE = YES_ERROR;
				CLANG_WARN_DOCUMENTATION_COMMENTS = YES;
				CLANG_WARN_EMPTY_BODY = YES;
				CLANG_WARN_ENUM_CONVERSION = YES;
				CLANG_WARN_INFINITE_RECURSION = YES;
				CLANG_WARN_INT_CONVERSION = YES;
				CLANG_WARN_NON_LITERAL_NULL_CONVERSION = YES;
				CLANG_WARN_OBJC_IMPLICIT_RETAIN_SELF = YES;
				CLANG_WARN_OBJC_LITERAL_CONVERSION = YES;
				CLANG_WARN_OBJC_ROOT_CLASS = YES_ERROR;
				CLANG_WARN_RANGE_LOOP_ANALYSIS = YES;
				CLANG_WARN_STRICT_PROTOTYPES = YES;
				CLANG_WARN_SUSPICIOUS_MOVE = YES;
				CLANG_WARN_UNGUARDED_AVAILABILITY = YES_AGGRESSIVE;
				CLANG_WARN_UNREACHABLE_CODE = YES;
				CLANG_WARN__DUPLICATE_METHOD_MATCH = YES;
				CODE_SIGN_IDENTITY = "iPhone Developer";
				COPY_PHASE_STRIP = NO;
				DEBUG_INFORMATION_FORMAT = "dwarf-with-dsym";
				ENABLE_NS_ASSERTIONS = NO;
				ENABLE_STRICT_OBJC_MSGSEND = YES;
				GCC_C_LANGUAGE_STANDARD = gnu11;
				GCC_NO_COMMON_BLOCKS = YES;
				GCC_WARN_64_TO_32_BIT_CONVERSION = YES;
				GCC_WARN_ABOUT_RETURN_TYPE = YES_ERROR;
				GCC_WARN_UNDECLARED_SELECTOR = YES;
				GCC_WARN_UNINITIALIZED_AUTOS = YES_AGGRESSIVE;
				GCC_WARN_UNUSED_FUNCTION = YES;
				GCC_WARN_UNUSED_VARIABLE = YES;
				IPHONEOS_DEPLOYMENT_TARGET = 11.4;
				MTL_ENABLE_DEBUG_INFO = NO;
				SDKROOT = iphoneos;
				SWIFT_COMPILATION_MODE = wholemodule;
				SWIFT_OPTIMIZATION_LEVEL = "-O";
				VALIDATE_PRODUCT = YES;
			};
			name = Release;
		};
		05987AA32187024700C1C676 /* Debug */ = {
			isa = XCBuildConfiguration;
			buildSettings = {
				ASSETCATALOG_COMPILER_APPICON_NAME = AppIcon;
				CODE_SIGN_STYLE = Automatic;
				DEVELOPMENT_TEAM = 7B8G3JJ6Y6;
				INFOPLIST_FILE = ExampleMiddleware/Info.plist;
				LD_RUNPATH_SEARCH_PATHS = (
					"$(inherited)",
					"@executable_path/Frameworks",
				);
				PRODUCT_BUNDLE_IDENTIFIER = com.andysaw.ExampleMiddleware;
				PRODUCT_NAME = "$(TARGET_NAME)";
				SWIFT_VERSION = 4.0;
				TARGETED_DEVICE_FAMILY = "1,2";
			};
			name = Debug;
		};
		05987AA42187024700C1C676 /* Release */ = {
			isa = XCBuildConfiguration;
			buildSettings = {
				ASSETCATALOG_COMPILER_APPICON_NAME = AppIcon;
				CODE_SIGN_STYLE = Automatic;
				DEVELOPMENT_TEAM = 7B8G3JJ6Y6;
				INFOPLIST_FILE = ExampleMiddleware/Info.plist;
				LD_RUNPATH_SEARCH_PATHS = (
					"$(inherited)",
					"@executable_path/Frameworks",
				);
				PRODUCT_BUNDLE_IDENTIFIER = com.andysaw.ExampleMiddleware;
				PRODUCT_NAME = "$(TARGET_NAME)";
				SWIFT_VERSION = 4.0;
				TARGETED_DEVICE_FAMILY = "1,2";
			};
			name = Release;
		};
/* End XCBuildConfiguration section */

/* Begin XCConfigurationList section */
		05987A8B2187024500C1C676 /* Build configuration list for PBXProject "ExampleMiddleware" */ = {
			isa = XCConfigurationList;
			buildConfigurations = (
				05987AA02187024700C1C676 /* Debug */,
				05987AA12187024700C1C676 /* Release */,
			);
			defaultConfigurationIsVisible = 0;
			defaultConfigurationName = Release;
		};
		05987AA22187024700C1C676 /* Build configuration list for PBXNativeTarget "ExampleMiddleware" */ = {
			isa = XCConfigurationList;
			buildConfigurations = (
				05987AA32187024700C1C676 /* Debug */,
				05987AA42187024700C1C676 /* Release */,
			);
			defaultConfigurationIsVisible = 0;
			defaultConfigurationName = Release;
		};
/* End XCConfigurationList section */
	};
	rootObject = 05987A882187024500C1C676 /* Project object */;
}
